
Microsoft Visual Studio Solution File, Format Version 12.00
# Visual Studio Version 17
VisualStudioVersion = 17.9.34714.143
MinimumVisualStudioVersion = 10.0.40219.1
Project("{FAE04EC0-301F-11D3-BF4B-00C04F79EFBC}") = "administradorUsuarios", "administradorUsuarios.csproj", "{DB8EC230-696C-4C71-AAA6-E44622873D96}"
EndProject
Global
	GlobalSection(SolutionConfigurationPlatforms) = preSolution
		Debug|Any CPU = Debug|Any CPU
		Release|Any CPU = Release|Any CPU
	EndGlobalSection
	GlobalSection(ProjectConfigurationPlatforms) = postSolution
		{DB8EC230-696C-4C71-AAA6-E44622873D96}.Debug|Any CPU.ActiveCfg = Debug|Any CPU
		{DB8EC230-696C-4C71-AAA6-E44622873D96}.Debug|Any CPU.Build.0 = Debug|Any CPU
		{DB8EC230-696C-4C71-AAA6-E44622873D96}.Release|Any CPU.ActiveCfg = Release|Any CPU
		{DB8EC230-696C-4C71-AAA6-E44622873D96}.Release|Any CPU.Build.0 = Release|Any CPU
	EndGlobalSection
	GlobalSection(SolutionProperties) = preSolution
		HideSolutionNode = FALSE
	EndGlobalSection
	GlobalSection(ExtensibilityGlobals) = postSolution
		SolutionGuid = {F83C37CF-22E3-4512-8171-46ABC05B21B8}
	EndGlobalSection
EndGlobal
